
Microsoft Visual Studio Solution File, Format Version 12.00
# Visual Studio Version 16
VisualStudioVersion = 16.0.28714.193
MinimumVisualStudioVersion = 10.0.40219.1
Project("{8BC9CEB8-8B4A-11D0-8D11-00A0C91BC942}") = "exercise_12_17", "exercise_12_17.vcxproj", "{27A1DB9A-4FB9-472D-ACD0-D657B4DAE6BE}"
EndProject
Global
	GlobalSection(SolutionConfigurationPlatforms) = preSolution
		Debug|x64 = Debug|x64
		Debug|x86 = Debug|x86
		Release|x64 = Release|x64
		Release|x86 = Release|x86
	EndGlobalSection
	GlobalSection(ProjectConfigurationPlatforms) = postSolution
		{27A1DB9A-4FB9-472D-ACD0-D657B4DAE6BE}.Debug|x64.ActiveCfg = Debug|x64
		{27A1DB9A-4FB9-472D-ACD0-D657B4DAE6BE}.Debug|x64.Build.0 = Debug|x64
		{27A1DB9A-4FB9-472D-ACD0-D657B4DAE6BE}.Debug|x86.ActiveCfg = Debug|Win32
		{27A1DB9A-4FB9-472D-ACD0-D657B4DAE6BE}.Debug|x86.Build.0 = Debug|Win32
		{27A1DB9A-4FB9-472D-ACD0-D657B4DAE6BE}.Release|x64.ActiveCfg = Release|x64
		{27A1DB9A-4FB9-472D-ACD0-D657B4DAE6BE}.Release|x64.Build.0 = Release|x64
		{27A1DB9A-4FB9-472D-ACD0-D657B4DAE6BE}.Release|x86.ActiveCfg = Release|Win32
		{27A1DB9A-4FB9-472D-ACD0-D657B4DAE6BE}.Release|x86.Build.0 = Release|Win32
	EndGlobalSection
	GlobalSection(SolutionProperties) = preSolution
		HideSolutionNode = FALSE
	EndGlobalSection
	GlobalSection(ExtensibilityGlobals) = postSolution
		SolutionGuid = {B9595A41-ABEE-420F-9696-AD0983DCDE09}
	EndGlobalSection
EndGlobal
