
Microsoft Visual Studio Solution File, Format Version 12.00
# Visual Studio Version 16
VisualStudioVersion = 16.0.29025.244
MinimumVisualStudioVersion = 10.0.40219.1
Project("{8BC9CEB8-8B4A-11D0-8D11-00A0C91BC942}") = "exercise_20201122", "exercise_20201122.vcxproj", "{F9E2B6E4-815D-4CCF-B7D9-0F58070921C7}"
EndProject
Global
	GlobalSection(SolutionConfigurationPlatforms) = preSolution
		Debug|x64 = Debug|x64
		Debug|x86 = Debug|x86
		Release|x64 = Release|x64
		Release|x86 = Release|x86
	EndGlobalSection
	GlobalSection(ProjectConfigurationPlatforms) = postSolution
		{F9E2B6E4-815D-4CCF-B7D9-0F58070921C7}.Debug|x64.ActiveCfg = Debug|x64
		{F9E2B6E4-815D-4CCF-B7D9-0F58070921C7}.Debug|x64.Build.0 = Debug|x64
		{F9E2B6E4-815D-4CCF-B7D9-0F58070921C7}.Debug|x86.ActiveCfg = Debug|Win32
		{F9E2B6E4-815D-4CCF-B7D9-0F58070921C7}.Debug|x86.Build.0 = Debug|Win32
		{F9E2B6E4-815D-4CCF-B7D9-0F58070921C7}.Release|x64.ActiveCfg = Release|x64
		{F9E2B6E4-815D-4CCF-B7D9-0F58070921C7}.Release|x64.Build.0 = Release|x64
		{F9E2B6E4-815D-4CCF-B7D9-0F58070921C7}.Release|x86.ActiveCfg = Release|Win32
		{F9E2B6E4-815D-4CCF-B7D9-0F58070921C7}.Release|x86.Build.0 = Release|Win32
	EndGlobalSection
	GlobalSection(SolutionProperties) = preSolution
		HideSolutionNode = FALSE
	EndGlobalSection
	GlobalSection(ExtensibilityGlobals) = postSolution
		SolutionGuid = {3534BF06-3CC2-4690-9B84-E79B244BE0CB}
	EndGlobalSection
EndGlobal
