
Microsoft Visual Studio Solution File, Format Version 12.00
# Visual Studio Version 16
VisualStudioVersion = 16.0.29025.244
MinimumVisualStudioVersion = 10.0.40219.1
Project("{8BC9CEB8-8B4A-11D0-8D11-00A0C91BC942}") = "exercise_20200407", "exercise_20200407.vcxproj", "{B859C840-9A17-47BF-A513-9323E289334C}"
EndProject
Global
	GlobalSection(SolutionConfigurationPlatforms) = preSolution
		Debug|x64 = Debug|x64
		Debug|x86 = Debug|x86
		Release|x64 = Release|x64
		Release|x86 = Release|x86
	EndGlobalSection
	GlobalSection(ProjectConfigurationPlatforms) = postSolution
		{B859C840-9A17-47BF-A513-9323E289334C}.Debug|x64.ActiveCfg = Debug|x64
		{B859C840-9A17-47BF-A513-9323E289334C}.Debug|x64.Build.0 = Debug|x64
		{B859C840-9A17-47BF-A513-9323E289334C}.Debug|x86.ActiveCfg = Debug|Win32
		{B859C840-9A17-47BF-A513-9323E289334C}.Debug|x86.Build.0 = Debug|Win32
		{B859C840-9A17-47BF-A513-9323E289334C}.Release|x64.ActiveCfg = Release|x64
		{B859C840-9A17-47BF-A513-9323E289334C}.Release|x64.Build.0 = Release|x64
		{B859C840-9A17-47BF-A513-9323E289334C}.Release|x86.ActiveCfg = Release|Win32
		{B859C840-9A17-47BF-A513-9323E289334C}.Release|x86.Build.0 = Release|Win32
	EndGlobalSection
	GlobalSection(SolutionProperties) = preSolution
		HideSolutionNode = FALSE
	EndGlobalSection
	GlobalSection(ExtensibilityGlobals) = postSolution
		SolutionGuid = {B6222133-B0CB-4BA6-8716-83E93DC0F9BE}
	EndGlobalSection
EndGlobal
