
Microsoft Visual Studio Solution File, Format Version 12.00
# Visual Studio Version 16
VisualStudioVersion = 16.0.28714.193
MinimumVisualStudioVersion = 10.0.40219.1
Project("{8BC9CEB8-8B4A-11D0-8D11-00A0C91BC942}") = "Project6", "Project6.vcxproj", "{53E3C469-79F4-43C9-B47F-4F62A0E3F782}"
EndProject
Global
	GlobalSection(SolutionConfigurationPlatforms) = preSolution
		Debug|x64 = Debug|x64
		Debug|x86 = Debug|x86
		Release|x64 = Release|x64
		Release|x86 = Release|x86
	EndGlobalSection
	GlobalSection(ProjectConfigurationPlatforms) = postSolution
		{53E3C469-79F4-43C9-B47F-4F62A0E3F782}.Debug|x64.ActiveCfg = Debug|x64
		{53E3C469-79F4-43C9-B47F-4F62A0E3F782}.Debug|x64.Build.0 = Debug|x64
		{53E3C469-79F4-43C9-B47F-4F62A0E3F782}.Debug|x86.ActiveCfg = Debug|Win32
		{53E3C469-79F4-43C9-B47F-4F62A0E3F782}.Debug|x86.Build.0 = Debug|Win32
		{53E3C469-79F4-43C9-B47F-4F62A0E3F782}.Release|x64.ActiveCfg = Release|x64
		{53E3C469-79F4-43C9-B47F-4F62A0E3F782}.Release|x64.Build.0 = Release|x64
		{53E3C469-79F4-43C9-B47F-4F62A0E3F782}.Release|x86.ActiveCfg = Release|Win32
		{53E3C469-79F4-43C9-B47F-4F62A0E3F782}.Release|x86.Build.0 = Release|Win32
	EndGlobalSection
	GlobalSection(SolutionProperties) = preSolution
		HideSolutionNode = FALSE
	EndGlobalSection
	GlobalSection(ExtensibilityGlobals) = postSolution
		SolutionGuid = {3C39247E-4FDF-4AAD-B2B5-392ED4F2FD11}
	EndGlobalSection
EndGlobal
