
Microsoft Visual Studio Solution File, Format Version 12.00
# Visual Studio Version 16
VisualStudioVersion = 16.0.28714.193
MinimumVisualStudioVersion = 10.0.40219.1
Project("{8BC9CEB8-8B4A-11D0-8D11-00A0C91BC942}") = "2048game", "2048game.vcxproj", "{02FB68F4-88B3-4878-AB1A-8442C20D8108}"
EndProject
Global
	GlobalSection(SolutionConfigurationPlatforms) = preSolution
		Debug|x64 = Debug|x64
		Debug|x86 = Debug|x86
		Release|x64 = Release|x64
		Release|x86 = Release|x86
	EndGlobalSection
	GlobalSection(ProjectConfigurationPlatforms) = postSolution
		{02FB68F4-88B3-4878-AB1A-8442C20D8108}.Debug|x64.ActiveCfg = Debug|x64
		{02FB68F4-88B3-4878-AB1A-8442C20D8108}.Debug|x64.Build.0 = Debug|x64
		{02FB68F4-88B3-4878-AB1A-8442C20D8108}.Debug|x86.ActiveCfg = Debug|Win32
		{02FB68F4-88B3-4878-AB1A-8442C20D8108}.Debug|x86.Build.0 = Debug|Win32
		{02FB68F4-88B3-4878-AB1A-8442C20D8108}.Release|x64.ActiveCfg = Release|x64
		{02FB68F4-88B3-4878-AB1A-8442C20D8108}.Release|x64.Build.0 = Release|x64
		{02FB68F4-88B3-4878-AB1A-8442C20D8108}.Release|x86.ActiveCfg = Release|Win32
		{02FB68F4-88B3-4878-AB1A-8442C20D8108}.Release|x86.Build.0 = Release|Win32
	EndGlobalSection
	GlobalSection(SolutionProperties) = preSolution
		HideSolutionNode = FALSE
	EndGlobalSection
	GlobalSection(ExtensibilityGlobals) = postSolution
		SolutionGuid = {74C7BF11-1CD9-4D7E-BC77-DEA0AC437AAE}
	EndGlobalSection
EndGlobal
